
Microsoft Visual Studio Solution File, Format Version 12.00
# Visual Studio Version 16
VisualStudioVersion = 16.0.34301.259
MinimumVisualStudioVersion = 10.0.40219.1
Project("{9A19103F-16F7-4668-BE54-9A1E7A4F7556}") = "WebApplication", "WebApplication\WebApplication.csproj", "{418605D4-6817-4E91-B718-F843F84F67BF}"
EndProject
Global
	GlobalSection(SolutionConfigurationPlatforms) = preSolution
		Debug|Any CPU = Debug|Any CPU
		Release|Any CPU = Release|Any CPU
	EndGlobalSection
	GlobalSection(ProjectConfigurationPlatforms) = postSolution
		{418605D4-6817-4E91-B718-F843F84F67BF}.Debug|Any CPU.ActiveCfg = Debug|Any CPU
		{418605D4-6817-4E91-B718-F843F84F67BF}.Debug|Any CPU.Build.0 = Debug|Any CPU
		{418605D4-6817-4E91-B718-F843F84F67BF}.Release|Any CPU.ActiveCfg = Release|Any CPU
		{418605D4-6817-4E91-B718-F843F84F67BF}.Release|Any CPU.Build.0 = Release|Any CPU
	EndGlobalSection
	GlobalSection(SolutionProperties) = preSolution
		HideSolutionNode = FALSE
	EndGlobalSection
	GlobalSection(ExtensibilityGlobals) = postSolution
		SolutionGuid = {D61C9895-3E07-4768-A768-30BF26DEBB27}
	EndGlobalSection
EndGlobal
